{
  "name": "vuepress-plugin-auto-crosslinker",
  "version": "1.0.0",
  "lockfileVersion": 2,
  "requires": true,
  "packages": {
    "": {
      "version": "1.0.0",
      "license": "MIT",
      "dependencies": {
        "markdown-it-auto-crosslinker": "^1.0.0"
      }
    },
    "node_modules/markdown-it-auto-crosslinker": {
      "version": "1.0.0",
      "resolved": "https://registry.npmjs.org/markdown-it-auto-crosslinker/-/markdown-it-auto-crosslinker-1.0.0.tgz",
      "integrity": "sha512-Rs0pgDL88cx9XiMjYRIaoXxqE5ucfieUgEHg78GZ36gXdfPJXGA/XkKWD0/Elv1fF9slHizOdYJZc/865Yjidg=="
    }
  },
  "dependencies": {
    "markdown-it-auto-crosslinker": {
      "version": "1.0.0",
      "resolved": "https://registry.npmjs.org/markdown-it-auto-crosslinker/-/markdown-it-auto-crosslinker-1.0.0.tgz",
      "integrity": "sha512-Rs0pgDL88cx9XiMjYRIaoXxqE5ucfieUgEHg78GZ36gXdfPJXGA/XkKWD0/Elv1fF9slHizOdYJZc/865Yjidg=="
    }
  }
}
